dependencies:
- name: rabbitmq
  repository: https://charts.bitnami.com/bitnami
  version: 12.0.10
- name: rabbitmq
  repository: https://charts.bitnami.com/bitnami
  version: 12.0.10
- name: postgresql
  repository: https://charts.bitnami.com/bitnami
  version: 12.8.1
digest: sha256:b548d5a2c235b38f65aa4e3037f0593d93f3900ef01f3f4803c34da61ca1cd3f
generated: "2023-08-09T22:14:47.438653+03:00"
